
Microsoft Visual Studio Solution File, Format Version 11.00
# Visual C# Express 2010
Project("{FAE04EC0-301F-11D3-BF4B-00C04F79EFBC}") = "Goryokaku", "Goryokaku\Goryokaku.csproj", "{8CFCC899-2DE7-42B7-B4CD-0BD8747680CD}"
EndProject
Global
	GlobalSection(SolutionConfigurationPlatforms) = preSolution
		Debug|x86 = Debug|x86
		Release|x86 = Release|x86
	EndGlobalSection
	GlobalSection(ProjectConfigurationPlatforms) = postSolution
		{8CFCC899-2DE7-42B7-B4CD-0BD8747680CD}.Debug|x86.ActiveCfg = Debug|x86
		{8CFCC899-2DE7-42B7-B4CD-0BD8747680CD}.Debug|x86.Build.0 = Debug|x86
		{8CFCC899-2DE7-42B7-B4CD-0BD8747680CD}.Release|x86.ActiveCfg = Release|x86
		{8CFCC899-2DE7-42B7-B4CD-0BD8747680CD}.Release|x86.Build.0 = Release|x86
	EndGlobalSection
	GlobalSection(SolutionProperties) = preSolution
		HideSolutionNode = FALSE
	EndGlobalSection
EndGlobal
